{
  "lockfileVersion": 1,
  "configVersion": 1,
  "workspaces": {
    "": {
      "name": "santase",
      "dependencies": {
        "htmx.org": "^1.9.12",
      },
    },
  },
  "packages": {
    "htmx.org": ["htmx.org@1.9.12", "", {}, "sha512-VZAohXyF7xPGS52IM8d1T1283y+X4D+Owf3qY1NZ9RuBypyu9l8cGsxUMAG5fEAb/DhT7rDoJ9Hpu5/HxFD3cw=="],
  }
}
